// !$*UTF8*$!
{
	archiveVersion = 1;
	classes = {
	};
	objectVersion = 46;
	objects = {

/* Begin PBXBuildFile section */
		A93AEF461D5564F50000E721 /* AppDelegate.swift in Sources */ = {isa = PBXBuildFile; fileRef = A93AEF451D5564F50000E721 /* AppDelegate.swift */; };
		A93AEF481D5564F50000E721 /* RootViewController.swift in Sources */ = {isa = PBXBuildFile; fileRef = A93AEF471D5564F50000E721 /* RootViewController.swift */; };
		A93AEF4A1D5564F50000E721 /* DataViewController.swift in Sources */ = {isa = PBXBuildFile; fileRef = A93AEF491D5564F50000E721 /* DataViewController.swift */; };
		A93AEF4C1D5564F50000E721 /* ModelController.swift in Sources */ = {isa = PBXBuildFile; fileRef = A93AEF4B1D5564F50000E721 /* ModelController.swift */; };
		A93AEF4F1D5564F50000E721 /* Main.storyboard in Resources */ = {isa = PBXBuildFile; fileRef = A93AEF4D1D5564F50000E721 /* Main.storyboard */; };
		A93AEF511D5564F50000E721 /* Assets.xcassets in Resources */ = {isa = PBXBuildFile; fileRef = A93AEF501D5564F50000E721 /* Assets.xcassets */; };
		A93AEF541D5564F50000E721 /* LaunchScreen.storyboard in Resources */ = {isa = PBXBuildFile; fileRef = A93AEF521D5564F50000E721 /* LaunchScreen.storyboard */; };
		A93AEF5F1D5564F50000E721 /* SwiftLoginTests.swift in Sources */ = {isa = PBXBuildFile; fileRef = A93AEF5E1D5564F50000E721 /* SwiftLoginTests.swift */; };
		A93AEF6A1D5564F50000E721 /* SwiftLoginUITests.swift in Sources */ = {isa = PBXBuildFile; fileRef = A93AEF691D5564F50000E721 /* SwiftLoginUITests.swift */; };
		A9B378B11D556A2000EB21EB /* libz.tbd in Frameworks */ = {isa = PBXBuildFile; fileRef = A9B378B01D556A2000EB21EB /* libz.tbd */; };
		A9B378B31D556A2900EB21EB /* libc++.tbd in Frameworks */ = {isa = PBXBuildFile; fileRef = A9B378B21D556A2900EB21EB /* libc++.tbd */; };
		A9B378B51D556A3300EB21EB /* libicucore.tbd in Frameworks */ = {isa = PBXBuildFile; fileRef = A9B378B41D556A3300EB21EB /* libicucore.tbd */; };
		A9B378B71D556A3D00EB21EB /* libsqlite3.tbd in Frameworks */ = {isa = PBXBuildFile; fileRef = A9B378B61D556A3D00EB21EB /* libsqlite3.tbd */; };
		A9B378B91D556A4800EB21EB /* SystemConfiguration.framework in Frameworks */ = {isa = PBXBuildFile; fileRef = A9B378B81D556A4800EB21EB /* SystemConfiguration.framework */; };
		A9B378BB1D556A4E00EB21EB /* MobileCoreServices.framework in Frameworks */ = {isa = PBXBuildFile; fileRef = A9B378BA1D556A4E00EB21EB /* MobileCoreServices.framework */; };
		A9B378BD1D556A5600EB21EB /* CoreTelephony.framework in Frameworks */ = {isa = PBXBuildFile; fileRef = A9B378BC1D556A5600EB21EB /* CoreTelephony.framework */; };
/* End PBXBuildFile section */

/* Begin PBXContainerItemProxy section */
		A93AEF5B1D5564F50000E721 /* PBXContainerItemProxy */ = {
			isa = PBXContainerItemProxy;
			containerPortal = A93AEF3A1D5564F50000E721 /* Project object */;
			proxyType = 1;
			remoteGlobalIDString = A93AEF411D5564F50000E721;
			remoteInfo = SwiftLogin;
		};
		A93AEF661D5564F50000E721 /* PBXContainerItemProxy */ = {
			isa = PBXContainerItemProxy;
			containerPortal = A93AEF3A1D5564F50000E721 /* Project object */;
			proxyType = 1;
			remoteGlobalIDString = A93AEF411D5564F50000E721;
			remoteInfo = SwiftLogin;
		};
/* End PBXContainerItemProxy section */

/* Begin PBXCopyFilesBuildPhase section */
		A9826D2D1D55685600CC4993 /* Embed Frameworks */ = {
			isa = PBXCopyFilesBuildPhase;
			buildActionMask = 2147483647;
			dstPath = "";
			dstSubfolderSpec = 10;
			files = (
			);
			name = "Embed Frameworks";
			runOnlyForDeploymentPostprocessing = 0;
		};
/* End PBXCopyFilesBuildPhase section */

/* Begin PBXFileReference section */
		4806ACEE3A03284089B851B3 /* Pods_SwiftLogin.framework */ = {isa = PBXFileReference; explicitFileType = wrapper.framework; includeInIndex = 0; path = Pods_SwiftLogin.framework; sourceTree = BUILT_PRODUCTS_DIR; };
		A93AEF421D5564F50000E721 /* SwiftLogin.app */ = {isa = PBXFileReference; explicitFileType = wrapper.application; includeInIndex = 0; path = SwiftLogin.app; sourceTree = BUILT_PRODUCTS_DIR; };
		A93AEF451D5564F50000E721 /* AppDelegate.swift */ = {isa = PBXFileReference; lastKnownFileType = sourcecode.swift; path = AppDelegate.swift; sourceTree = "<group>"; };
		A93AEF471D5564F50000E721 /* RootViewController.swift */ = {isa = PBXFileReference; lastKnownFileType = sourcecode.swift; path = RootViewController.swift; sourceTree = "<group>"; };
		A93AEF491D5564F50000E721 /* DataViewController.swift */ = {isa = PBXFileReference; lastKnownFileType = sourcecode.swift; path = DataViewController.swift; sourceTree = "<group>"; };
		A93AEF4B1D5564F50000E721 /* ModelController.swift */ = {isa = PBXFileReference; lastKnownFileType = sourcecode.swift; path = ModelController.swift; sourceTree = "<group>"; };
		A93AEF4E1D5564F50000E721 /* Base */ = {isa = PBXFileReference; lastKnownFileType = file.storyboard; name = Base; path = Base.lproj/Main.storyboard; sourceTree = "<group>"; };
		A93AEF501D5564F50000E721 /* Assets.xcassets */ = {isa = PBXFileReference; lastKnownFileType = folder.assetcatalog; path = Assets.xcassets; sourceTree = "<group>"; };
		A93AEF531D5564F50000E721 /* Base */ = {isa = PBXFileReference; lastKnownFileType = file.storyboard; name = Base; path = Base.lproj/LaunchScreen.storyboard; sourceTree = "<group>"; };
		A93AEF551D5564F50000E721 /* Info.plist */ = {isa = PBXFileReference; lastKnownFileType = text.plist.xml; path = Info.plist; sourceTree = "<group>"; };
		A93AEF5A1D5564F50000E721 /* SwiftLoginTests.xctest */ = {isa = PBXFileReference; explicitFileType = wrapper.cfbundle; includeInIndex = 0; path = SwiftLoginTests.xctest; sourceTree = BUILT_PRODUCTS_DIR; };
		A93AEF5E1D5564F50000E721 /* SwiftLoginTests.swift */ = {isa = PBXFileReference; lastKnownFileType = sourcecode.swift; path = SwiftLoginTests.swift; sourceTree = "<group>"; };
		A93AEF601D5564F50000E721 /* Info.plist */ = {isa = PBXFileReference; lastKnownFileType = text.plist.xml; path = Info.plist; sourceTree = "<group>"; };
		A93AEF651D5564F50000E721 /* SwiftLoginUITests.xctest */ = {isa = PBXFileReference; explicitFileType = wrapper.cfbundle; includeInIndex = 0; path = SwiftLoginUITests.xctest; sourceTree = BUILT_PRODUCTS_DIR; };
		A93AEF691D5564F50000E721 /* SwiftLoginUITests.swift */ = {isa = PBXFileReference; lastKnownFileType = sourcecode.swift; path = SwiftLoginUITests.swift; sourceTree = "<group>"; };
		A93AEF6B1D5564F50000E721 /* Info.plist */ = {isa = PBXFileReference; lastKnownFileType = text.plist.xml; path = Info.plist; sourceTree = "<group>"; };
		A9B378B01D556A2000EB21EB /* libz.tbd */ = {isa = PBXFileReference; lastKnownFileType = "sourcecode.text-based-dylib-definition"; name = libz.tbd; path = usr/lib/libz.tbd; sourceTree = SDKROOT; };
		A9B378B21D556A2900EB21EB /* libc++.tbd */ = {isa = PBXFileReference; lastKnownFileType = "sourcecode.text-based-dylib-definition"; name = "libc++.tbd"; path = "usr/lib/libc++.tbd"; sourceTree = SDKROOT; };
		A9B378B41D556A3300EB21EB /* libicucore.tbd */ = {isa = PBXFileReference; lastKnownFileType = "sourcecode.text-based-dylib-definition"; name = libicucore.tbd; path = usr/lib/libicucore.tbd; sourceTree = SDKROOT; };
		A9B378B61D556A3D00EB21EB /* libsqlite3.tbd */ = {isa = PBXFileReference; lastKnownFileType = "sourcecode.text-based-dylib-definition"; name = libsqlite3.tbd; path = usr/lib/libsqlite3.tbd; sourceTree = SDKROOT; };
		A9B378B81D556A4800EB21EB /* SystemConfiguration.framework */ = {isa = PBXFileReference; lastKnownFileType = wrapper.framework; name = SystemConfiguration.framework; path = System/Library/Frameworks/SystemConfiguration.framework; sourceTree = SDKROOT; };
		A9B378BA1D556A4E00EB21EB /* MobileCoreServices.framework */ = {isa = PBXFileReference; lastKnownFileType = wrapper.framework; name = MobileCoreServices.framework; path = System/Library/Frameworks/MobileCoreServices.framework; sourceTree = SDKROOT; };
		A9B378BC1D556A5600EB21EB /* CoreTelephony.framework */ = {isa = PBXFileReference; lastKnownFileType = wrapper.framework; name = CoreTelephony.framework; path = System/Library/Frameworks/CoreTelephony.framework; sourceTree = SDKROOT; };
		AC7746162950E37CF221FC35 /* Pods-SwiftLogin.debug.xcconfig */ = {isa = PBXFileReference; includeInIndex = 1; lastKnownFileType = text.xcconfig; name = "Pods-SwiftLogin.debug.xcconfig"; path = "Pods/Target Support Files/Pods-SwiftLogin/Pods-SwiftLogin.debug.xcconfig"; sourceTree = "<group>"; };
		AE5A6D50CA3D4ED584DE40AC /* Pods-SwiftLogin.release.xcconfig */ = {isa = PBXFileReference; includeInIndex = 1; lastKnownFileType = text.xcconfig; name = "Pods-SwiftLogin.release.xcconfig"; path = "Pods/Target Support Files/Pods-SwiftLogin/Pods-SwiftLogin.release.xcconfig"; sourceTree = "<group>"; };
/* End PBXFileReference section */

/* Begin PBXFrameworksBuildPhase section */
		A93AEF3F1D5564F50000E721 /* Frameworks */ = {
			isa = PBXFrameworksBuildPhase;
			buildActionMask = 2147483647;
			files = (
				A9B378BD1D556A5600EB21EB /* CoreTelephony.framework in Frameworks */,
				A9B378BB1D556A4E00EB21EB /* MobileCoreServices.framework in Frameworks */,
				A9B378B91D556A4800EB21EB /* SystemConfiguration.framework in Frameworks */,
				A9B378B71D556A3D00EB21EB /* libsqlite3.tbd in Frameworks */,
				A9B378B51D556A3300EB21EB /* libicucore.tbd in Frameworks */,
				A9B378B31D556A2900EB21EB /* libc++.tbd in Frameworks */,
				A9B378B11D556A2000EB21EB /* libz.tbd in Frameworks */,
			);
			runOnlyForDeploymentPostprocessing = 0;
		};
		A93AEF571D5564F50000E721 /* Frameworks */ = {
			isa = PBXFrameworksBuildPhase;
			buildActionMask = 2147483647;
			files = (
			);
			runOnlyForDeploymentPostprocessing = 0;
		};
		A93AEF621D5564F50000E721 /* Frameworks */ = {
			isa = PBXFrameworksBuildPhase;
			buildActionMask = 2147483647;
			files = (
			);
			runOnlyForDeploymentPostprocessing = 0;
		};
/* End PBXFrameworksBuildPhase section */

/* Begin PBXGroup section */
		2E22C7D66AC78CC0359C44AB /* Frameworks */ = {
			isa = PBXGroup;
			children = (
				A9B378BC1D556A5600EB21EB /* CoreTelephony.framework */,
				A9B378BA1D556A4E00EB21EB /* MobileCoreServices.framework */,
				A9B378B81D556A4800EB21EB /* SystemConfiguration.framework */,
				A9B378B61D556A3D00EB21EB /* libsqlite3.tbd */,
				A9B378B41D556A3300EB21EB /* libicucore.tbd */,
				A9B378B21D556A2900EB21EB /* libc++.tbd */,
				A9B378B01D556A2000EB21EB /* libz.tbd */,
				4806ACEE3A03284089B851B3 /* Pods_SwiftLogin.framework */,
			);
			name = Frameworks;
			sourceTree = "<group>";
		};
		3BD42C9735F30A778DCC0255 /* Pods */ = {
			isa = PBXGroup;
			children = (
				AC7746162950E37CF221FC35 /* Pods-SwiftLogin.debug.xcconfig */,
				AE5A6D50CA3D4ED584DE40AC /* Pods-SwiftLogin.release.xcconfig */,
			);
			name = Pods;
			sourceTree = "<group>";
		};
		A93AEF391D5564F50000E721 = {
			isa = PBXGroup;
			children = (
				A93AEF441D5564F50000E721 /* SwiftLogin */,
				A93AEF5D1D5564F50000E721 /* SwiftLoginTests */,
				A93AEF681D5564F50000E721 /* SwiftLoginUITests */,
				A93AEF431D5564F50000E721 /* Products */,
				3BD42C9735F30A778DCC0255 /* Pods */,
				2E22C7D66AC78CC0359C44AB /* Frameworks */,
			);
			sourceTree = "<group>";
		};
		A93AEF431D5564F50000E721 /* Products */ = {
			isa = PBXGroup;
			children = (
				A93AEF421D5564F50000E721 /* SwiftLogin.app */,
				A93AEF5A1D5564F50000E721 /* SwiftLoginTests.xctest */,
				A93AEF651D5564F50000E721 /* SwiftLoginUITests.xctest */,
			);
			name = Products;
			sourceTree = "<group>";
		};
		A93AEF441D5564F50000E721 /* SwiftLogin */ = {
			isa = PBXGroup;
			children = (
				A93AEF451D5564F50000E721 /* AppDelegate.swift */,
				A93AEF471D5564F50000E721 /* RootViewController.swift */,
				A93AEF491D5564F50000E721 /* DataViewController.swift */,
				A93AEF4B1D5564F50000E721 /* ModelController.swift */,
				A93AEF4D1D5564F50000E721 /* Main.storyboard */,
				A93AEF501D5564F50000E721 /* Assets.xcassets */,
				A93AEF521D5564F50000E721 /* LaunchScreen.storyboard */,
				A93AEF551D5564F50000E721 /* Info.plist */,
			);
			path = SwiftLogin;
			sourceTree = "<group>";
		};
		A93AEF5D1D5564F50000E721 /* SwiftLoginTests */ = {
			isa = PBXGroup;
			children = (
				A93AEF5E1D5564F50000E721 /* SwiftLoginTests.swift */,
				A93AEF601D5564F50000E721 /* Info.plist */,
			);
			path = SwiftLoginTests;
			sourceTree = "<group>";
		};
		A93AEF681D5564F50000E721 /* SwiftLoginUITests */ = {
			isa = PBXGroup;
			children = (
				A93AEF691D5564F50000E721 /* SwiftLoginUITests.swift */,
				A93AEF6B1D5564F50000E721 /* Info.plist */,
			);
			path = SwiftLoginUITests;
			sourceTree = "<group>";
		};
/* End PBXGroup section */

/* Begin PBXNativeTarget section */
		A93AEF411D5564F50000E721 /* SwiftLogin */ = {
			isa = PBXNativeTarget;
			buildConfigurationList = A93AEF6E1D5564F50000E721 /* Build configuration list for PBXNativeTarget "SwiftLogin" */;
			buildPhases = (
				4411C28EF07FDFFFDFC1EF9E /* [CP] Check Pods Manifest.lock */,
				A93AEF3E1D5564F50000E721 /* Sources */,
				A93AEF3F1D5564F50000E721 /* Frameworks */,
				A93AEF401D5564F50000E721 /* Resources */,
				6138A423B80B393AD8EC68B2 /* [CP] Embed Pods Frameworks */,
				A32BDB20E57FF82BEFF93EC5 /* [CP] Copy Pods Resources */,
				A9826D2D1D55685600CC4993 /* Embed Frameworks */,
			);
			buildRules = (
			);
			dependencies = (
			);
			name = SwiftLogin;
			productName = SwiftLogin;
			productReference = A93AEF421D5564F50000E721 /* SwiftLogin.app */;
			productType = "com.apple.product-type.application";
		};
		A93AEF591D5564F50000E721 /* SwiftLoginTests */ = {
			isa = PBXNativeTarget;
			buildConfigurationList = A93AEF711D5564F50000E721 /* Build configuration list for PBXNativeTarget "SwiftLoginTests" */;
			buildPhases = (
				A93AEF561D5564F50000E721 /* Sources */,
				A93AEF571D5564F50000E721 /* Frameworks */,
				A93AEF581D5564F50000E721 /* Resources */,
			);
			buildRules = (
			);
			dependencies = (
				A93AEF5C1D5564F50000E721 /* PBXTargetDependency */,
			);
			name = SwiftLoginTests;
			productName = SwiftLoginTests;
			productReference = A93AEF5A1D5564F50000E721 /* SwiftLoginTests.xctest */;
			productType = "com.apple.product-type.bundle.unit-test";
		};
		A93AEF641D5564F50000E721 /* SwiftLoginUITests */ = {
			isa = PBXNativeTarget;
			buildConfigurationList = A93AEF741D5564F50000E721 /* Build configuration list for PBXNativeTarget "SwiftLoginUITests" */;
			buildPhases = (
				A93AEF611D5564F50000E721 /* Sources */,
				A93AEF621D5564F50000E721 /* Frameworks */,
				A93AEF631D5564F50000E721 /* Resources */,
			);
			buildRules = (
			);
			dependencies = (
				A93AEF671D5564F50000E721 /* PBXTargetDependency */,
			);
			name = SwiftLoginUITests;
			productName = SwiftLoginUITests;
			productReference = A93AEF651D5564F50000E721 /* SwiftLoginUITests.xctest */;
			productType = "com.apple.product-type.bundle.ui-testing";
		};
/* End PBXNativeTarget section */

/* Begin PBXProject section */
		A93AEF3A1D5564F50000E721 /* Project object */ = {
			isa = PBXProject;
			attributes = {
				LastSwiftUpdateCheck = 0730;
				LastUpgradeCheck = 0730;
				ORGANIZATIONNAME = bill;
				TargetAttributes = {
					A93AEF411D5564F50000E721 = {
						CreatedOnToolsVersion = 7.3;
					};
					A93AEF591D5564F50000E721 = {
						CreatedOnToolsVersion = 7.3;
						TestTargetID = A93AEF411D5564F50000E721;
					};
					A93AEF641D5564F50000E721 = {
						CreatedOnToolsVersion = 7.3;
						TestTargetID = A93AEF411D5564F50000E721;
					};
				};
			};
			buildConfigurationList = A93AEF3D1D5564F50000E721 /* Build configuration list for PBXProject "SwiftLogin" */;
			compatibilityVersion = "Xcode 3.2";
			developmentRegion = English;
			hasScannedForEncodings = 0;
			knownRegions = (
				en,
				Base,
			);
			mainGroup = A93AEF391D5564F50000E721;
			productRefGroup = A93AEF431D5564F50000E721 /* Products */;
			projectDirPath = "";
			projectRoot = "";
			targets = (
				A93AEF411D5564F50000E721 /* SwiftLogin */,
				A93AEF591D5564F50000E721 /* SwiftLoginTests */,
				A93AEF641D5564F50000E721 /* SwiftLoginUITests */,
			);
		};
/* End PBXProject section */

/* Begin PBXResourcesBuildPhase section */
		A93AEF401D5564F50000E721 /* Resources */ = {
			isa = PBXResourcesBuildPhase;
			buildActionMask = 2147483647;
			files = (
				A93AEF541D5564F50000E721 /* LaunchScreen.storyboard in Resources */,
				A93AEF511D5564F50000E721 /* Assets.xcassets in Resources */,
				A93AEF4F1D5564F50000E721 /* Main.storyboard in Resources */,
			);
			runOnlyForDeploymentPostprocessing = 0;
		};
		A93AEF581D5564F50000E721 /* Resources */ = {
			isa = PBXResourcesBuildPhase;
			buildActionMask = 2147483647;
			files = (
			);
			runOnlyForDeploymentPostprocessing = 0;
		};
		A93AEF631D5564F50000E721 /* Resources */ = {
			isa = PBXResourcesBuildPhase;
			buildActionMask = 2147483647;
			files = (
			);
			runOnlyForDeploymentPostprocessing = 0;
		};
/* End PBXResourcesBuildPhase section */

/* Begin PBXShellScriptBuildPhase section */
		4411C28EF07FDFFFDFC1EF9E /* [CP] Check Pods Manifest.lock */ = {
			isa = PBXShellScriptBuildPhase;
			buildActionMask = 2147483647;
			files = (
			);
			inputPaths = (
			);
			name = "[CP] Check Pods Manifest.lock";
			outputPaths = (
			);
			runOnlyForDeploymentPostprocessing = 0;
			shellPath = /bin/sh;
			shellScript = "diff \"${PODS_ROOT}/../Podfile.lock\" \"${PODS_ROOT}/Manifest.lock\" > /dev/null\nif [ $? != 0 ] ; then\n    # print error to STDERR\n    echo \"error: The sandbox is not in sync with the Podfile.lock. Run 'pod install' or update your CocoaPods installation.\" >&2\n    exit 1\nfi\n";
			showEnvVarsInLog = 0;
		};
		6138A423B80B393AD8EC68B2 /* [CP] Embed Pods Frameworks */ = {
			isa = PBXShellScriptBuildPhase;
			buildActionMask = 2147483647;
			files = (
			);
			inputPaths = (
			);
			name = "[CP] Embed Pods Frameworks";
			outputPaths = (
			);
			runOnlyForDeploymentPostprocessing = 0;
			shellPath = /bin/sh;
			shellScript = "\"${SRCROOT}/Pods/Target Support Files/Pods-SwiftLogin/Pods-SwiftLogin-frameworks.sh\"\n";
			showEnvVarsInLog = 0;
		};
		A32BDB20E57FF82BEFF93EC5 /* [CP] Copy Pods Resources */ = {
			isa = PBXShellScriptBuildPhase;
			buildActionMask = 2147483647;
			files = (
			);
			inputPaths = (
			);
			name = "[CP] Copy Pods Resources";
			outputPaths = (
			);
			runOnlyForDeploymentPostprocessing = 0;
			shellPath = /bin/sh;
			shellScript = "\"${SRCROOT}/Pods/Target Support Files/Pods-SwiftLogin/Pods-SwiftLogin-resources.sh\"\n";
			showEnvVarsInLog = 0;
		};
/* End PBXShellScriptBuildPhase section */

/* Begin PBXSourcesBuildPhase section */
		A93AEF3E1D5564F50000E721 /* Sources */ = {
			isa = PBXSourcesBuildPhase;
			buildActionMask = 2147483647;
			files = (
				A93AEF481D5564F50000E721 /* RootViewController.swift in Sources */,
				A93AEF4C1D5564F50000E721 /* ModelController.swift in Sources */,
				A93AEF4A1D5564F50000E721 /* DataViewController.swift in Sources */,
				A93AEF461D5564F50000E721 /* AppDelegate.swift in Sources */,
			);
			runOnlyForDeploymentPostprocessing = 0;
		};
		A93AEF561D5564F50000E721 /* Sources */ = {
			isa = PBXSourcesBuildPhase;
			buildActionMask = 2147483647;
			files = (
				A93AEF5F1D5564F50000E721 /* SwiftLoginTests.swift in Sources */,
			);
			runOnlyForDeploymentPostprocessing = 0;
		};
		A93AEF611D5564F50000E721 /* Sources */ = {
			isa = PBXSourcesBuildPhase;
			buildActionMask = 2147483647;
			files = (
				A93AEF6A1D5564F50000E721 /* SwiftLoginUITests.swift in Sources */,
			);
			runOnlyForDeploymentPostprocessing = 0;
		};
/* End PBXSourcesBuildPhase section */

/* Begin PBXTargetDependency section */
		A93AEF5C1D5564F50000E721 /* PBXTargetDependency */ = {
			isa = PBXTargetDependency;
			target = A93AEF411D5564F50000E721 /* SwiftLogin */;
			targetProxy = A93AEF5B1D5564F50000E721 /* PBXContainerItemProxy */;
		};
		A93AEF671D5564F50000E721 /* PBXTargetDependency */ = {
			isa = PBXTargetDependency;
			target = A93AEF411D5564F50000E721 /* SwiftLogin */;
			targetProxy = A93AEF661D5564F50000E721 /* PBXContainerItemProxy */;
		};
/* End PBXTargetDependency section */

/* Begin PBXVariantGroup section */
		A93AEF4D1D5564F50000E721 /* Main.storyboard */ = {
			isa = PBXVariantGroup;
			children = (
				A93AEF4E1D5564F50000E721 /* Base */,
			);
			name = Main.storyboard;
			sourceTree = "<group>";
		};
		A93AEF521D5564F50000E721 /* LaunchScreen.storyboard */ = {
			isa = PBXVariantGroup;
			children = (
				A93AEF531D5564F50000E721 /* Base */,
			);
			name = LaunchScreen.storyboard;
			sourceTree = "<group>";
		};
/* End PBXVariantGroup section */

/* Begin XCBuildConfiguration section */
		A93AEF6C1D5564F50000E721 /* Debug */ = {
			isa = XCBuildConfiguration;
			buildSettings = {
				ALWAYS_SEARCH_USER_PATHS = NO;
				CLANG_ANALYZER_NONNULL = YES;
				CLANG_CXX_LANGUAGE_STANDARD = "gnu++0x";
				CLANG_CXX_LIBRARY = "libc++";
				CLANG_ENABLE_MODULES = YES;
				CLANG_ENABLE_OBJC_ARC = YES;
				CLANG_WARN_BOOL_CONVERSION = YES;
				CLANG_WARN_CONSTANT_CONVERSION = YES;
				CLANG_WARN_DIRECT_OBJC_ISA_USAGE = YES_ERROR;
				CLANG_WARN_EMPTY_BODY = YES;
				CLANG_WARN_ENUM_CONVERSION = YES;
				CLANG_WARN_INT_CONVERSION = YES;
				CLANG_WARN_OBJC_ROOT_CLASS = YES_ERROR;
				CLANG_WARN_UNREACHABLE_CODE = YES;
				CLANG_WARN__DUPLICATE_METHOD_MATCH = YES;
				"CODE_SIGN_IDENTITY[sdk=iphoneos*]" = "iPhone Developer";
				COPY_PHASE_STRIP = NO;
				DEBUG_INFORMATION_FORMAT = dwarf;
				ENABLE_STRICT_OBJC_MSGSEND = YES;
				ENABLE_TESTABILITY = YES;
				GCC_C_LANGUAGE_STANDARD = gnu99;
				GCC_DYNAMIC_NO_PIC = NO;
				GCC_NO_COMMON_BLOCKS = YES;
				GCC_OPTIMIZATION_LEVEL = 0;
				GCC_PREPROCESSOR_DEFINITIONS = (
					"DEBUG=1",
					"$(inherited)",
				);
				GCC_WARN_64_TO_32_BIT_CONVERSION = YES;
				GCC_WARN_ABOUT_RETURN_TYPE = YES_ERROR;
				GCC_WARN_UNDECLARED_SELECTOR = YES;
				GCC_WARN_UNINITIALIZED_AUTOS = YES_AGGRESSIVE;
				GCC_WARN_UNUSED_FUNCTION = YES;
				GCC_WARN_UNUSED_VARIABLE = YES;
				IPHONEOS_DEPLOYMENT_TARGET = 9.3;
				MTL_ENABLE_DEBUG_INFO = YES;
				ONLY_ACTIVE_ARCH = YES;
				SDKROOT = iphoneos;
				SWIFT_OPTIMIZATION_LEVEL = "-Onone";
				TARGETED_DEVICE_FAMILY = "1,2";
			};
			name = Debug;
		};
		A93AEF6D1D5564F50000E721 /* Release */ = {
			isa = XCBuildConfiguration;
			buildSettings = {
				ALWAYS_SEARCH_USER_PATHS = NO;
				CLANG_ANALYZER_NONNULL = YES;
				CLANG_CXX_LANGUAGE_STANDARD = "gnu++0x";
				CLANG_CXX_LIBRARY = "libc++";
				CLANG_ENABLE_MODULES = YES;
				CLANG_ENABLE_OBJC_ARC = YES;
				CLANG_WARN_BOOL_CONVERSION = YES;
				CLANG_WARN_CONSTANT_CONVERSION = YES;
				CLANG_WARN_DIRECT_OBJC_ISA_USAGE = YES_ERROR;
				CLANG_WARN_EMPTY_BODY = YES;
				CLANG_WARN_ENUM_CONVERSION = YES;
				CLANG_WARN_INT_CONVERSION = YES;
				CLANG_WARN_OBJC_ROOT_CLASS = YES_ERROR;
				CLANG_WARN_UNREACHABLE_CODE = YES;
				CLANG_WARN__DUPLICATE_METHOD_MATCH = YES;
				"CODE_SIGN_IDENTITY[sdk=iphoneos*]" = "iPhone Developer";
				COPY_PHASE_STRIP = NO;
				DEBUG_INFORMATION_FORMAT = "dwarf-with-dsym";
				ENABLE_NS_ASSERTIONS = NO;
				ENABLE_STRICT_OBJC_MSGSEND = YES;
				GCC_C_LANGUAGE_STANDARD = gnu99;
				GCC_NO_COMMON_BLOCKS = YES;
				GCC_WARN_64_TO_32_BIT_CONVERSION = YES;
				GCC_WARN_ABOUT_RETURN_TYPE = YES_ERROR;
				GCC_WARN_UNDECLARED_SELECTOR = YES;
				GCC_WARN_UNINITIALIZED_AUTOS = YES_AGGRESSIVE;
				GCC_WARN_UNUSED_FUNCTION = YES;
				GCC_WARN_UNUSED_VARIABLE = YES;
				IPHONEOS_DEPLOYMENT_TARGET = 9.3;
				MTL_ENABLE_DEBUG_INFO = NO;
				SDKROOT = iphoneos;
				TARGETED_DEVICE_FAMILY = "1,2";
				VALIDATE_PRODUCT = YES;
			};
			name = Release;
		};
		A93AEF6F1D5564F50000E721 /* Debug */ = {
			isa = XCBuildConfiguration;
			baseConfigurationReference = AC7746162950E37CF221FC35 /* Pods-SwiftLogin.debug.xcconfig */;
			buildSettings = {
				ASSETCATALOG_COMPILER_APPICON_NAME = AppIcon;
				INFOPLIST_FILE = SwiftLogin/Info.plist;
				LD_RUNPATH_SEARCH_PATHS = "$(inherited) @executable_path/Frameworks";
				OTHER_LDFLAGS = (
					"-ObjC",
					"-l\"AVOSCloud\"",
					"-l\"icucore\"",
					"-l\"sqlite3\"",
					"-l\"z\"",
					"-framework",
					"\"CFNetwork\"",
					"-framework",
					"\"CoreGraphics\"",
					"-framework",
					"\"CoreLocation\"",
					"-framework",
					"\"CoreTelephony\"",
					"-framework",
					"\"MobileCoreServices\"",
					"-framework",
					"\"QuartzCore\"",
					"-framework",
					"\"Security\"",
					"-framework",
					"\"SystemConfiguration\"",
				);
				PRODUCT_BUNDLE_IDENTIFIER = medika.SwiftLogin;
				PRODUCT_NAME = "$(TARGET_NAME)";
			};
			name = Debug;
		};
		A93AEF701D5564F50000E721 /* Release */ = {
			isa = XCBuildConfiguration;
			baseConfigurationReference = AE5A6D50CA3D4ED584DE40AC /* Pods-SwiftLogin.release.xcconfig */;
			buildSettings = {
				ASSETCATALOG_COMPILER_APPICON_NAME = AppIcon;
				INFOPLIST_FILE = SwiftLogin/Info.plist;
				LD_RUNPATH_SEARCH_PATHS = "$(inherited) @executable_path/Frameworks";
				OTHER_LDFLAGS = (
					"-ObjC",
					"-l\"AVOSCloud\"",
					"-l\"icucore\"",
					"-l\"sqlite3\"",
					"-l\"z\"",
					"-framework",
					"\"CFNetwork\"",
					"-framework",
					"\"CoreGraphics\"",
					"-framework",
					"\"CoreLocation\"",
					"-framework",
					"\"CoreTelephony\"",
					"-framework",
					"\"MobileCoreServices\"",
					"-framework",
					"\"QuartzCore\"",
					"-framework",
					"\"Security\"",
					"-framework",
					"\"SystemConfiguration\"",
				);
				PRODUCT_BUNDLE_IDENTIFIER = medika.SwiftLogin;
				PRODUCT_NAME = "$(TARGET_NAME)";
			};
			name = Release;
		};
		A93AEF721D5564F50000E721 /* Debug */ = {
			isa = XCBuildConfiguration;
			buildSettings = {
				BUNDLE_LOADER = "$(TEST_HOST)";
				INFOPLIST_FILE = SwiftLoginTests/Info.plist;
				LD_RUNPATH_SEARCH_PATHS = "$(inherited) @executable_path/Frameworks @loader_path/Frameworks";
				PRODUCT_BUNDLE_IDENTIFIER = medika.SwiftLoginTests;
				PRODUCT_NAME = "$(TARGET_NAME)";
				TEST_HOST = "$(BUILT_PRODUCTS_DIR)/SwiftLogin.app/SwiftLogin";
			};
			name = Debug;
		};
		A93AEF731D5564F50000E721 /* Release */ = {
			isa = XCBuildConfiguration;
			buildSettings = {
				BUNDLE_LOADER = "$(TEST_HOST)";
				INFOPLIST_FILE = SwiftLoginTests/Info.plist;
				LD_RUNPATH_SEARCH_PATHS = "$(inherited) @executable_path/Frameworks @loader_path/Frameworks";
				PRODUCT_BUNDLE_IDENTIFIER = medika.SwiftLoginTests;
				PRODUCT_NAME = "$(TARGET_NAME)";
				TEST_HOST = "$(BUILT_PRODUCTS_DIR)/SwiftLogin.app/SwiftLogin";
			};
			name = Release;
		};
		A93AEF751D5564F50000E721 /* Debug */ = {
			isa = XCBuildConfiguration;
			buildSettings = {
				INFOPLIST_FILE = SwiftLoginUITests/Info.plist;
				LD_RUNPATH_SEARCH_PATHS = "$(inherited) @executable_path/Frameworks @loader_path/Frameworks";
				PRODUCT_BUNDLE_IDENTIFIER = medika.SwiftLoginUITests;
				PRODUCT_NAME = "$(TARGET_NAME)";
				TEST_TARGET_NAME = SwiftLogin;
			};
			name = Debug;
		};
		A93AEF761D5564F50000E721 /* Release */ = {
			isa = XCBuildConfiguration;
			buildSettings = {
				INFOPLIST_FILE = SwiftLoginUITests/Info.plist;
				LD_RUNPATH_SEARCH_PATHS = "$(inherited) @executable_path/Frameworks @loader_path/Frameworks";
				PRODUCT_BUNDLE_IDENTIFIER = medika.SwiftLoginUITests;
				PRODUCT_NAME = "$(TARGET_NAME)";
				TEST_TARGET_NAME = SwiftLogin;
			};
			name = Release;
		};
/* End XCBuildConfiguration section */

/* Begin XCConfigurationList section */
		A93AEF3D1D5564F50000E721 /* Build configuration list for PBXProject "SwiftLogin" */ = {
			isa = XCConfigurationList;
			buildConfigurations = (
				A93AEF6C1D5564F50000E721 /* Debug */,
				A93AEF6D1D5564F50000E721 /* Release */,
			);
			defaultConfigurationIsVisible = 0;
			defaultConfigurationName = Release;
		};
		A93AEF6E1D5564F50000E721 /* Build configuration list for PBXNativeTarget "SwiftLogin" */ = {
			isa = XCConfigurationList;
			buildConfigurations = (
				A93AEF6F1D5564F50000E721 /* Debug */,
				A93AEF701D5564F50000E721 /* Release */,
			);
			defaultConfigurationIsVisible = 0;
			defaultConfigurationName = Release;
		};
		A93AEF711D5564F50000E721 /* Build configuration list for PBXNativeTarget "SwiftLoginTests" */ = {
			isa = XCConfigurationList;
			buildConfigurations = (
				A93AEF721D5564F50000E721 /* Debug */,
				A93AEF731D5564F50000E721 /* Release */,
			);
			defaultConfigurationIsVisible = 0;
			defaultConfigurationName = Release;
		};
		A93AEF741D5564F50000E721 /* Build configuration list for PBXNativeTarget "SwiftLoginUITests" */ = {
			isa = XCConfigurationList;
			buildConfigurations = (
				A93AEF751D5564F50000E721 /* Debug */,
				A93AEF761D5564F50000E721 /* Release */,
			);
			defaultConfigurationIsVisible = 0;
			defaultConfigurationName = Release;
		};
/* End XCConfigurationList section */
	};
	rootObject = A93AEF3A1D5564F50000E721 /* Project object */;
}
